
Microsoft Visual Studio Solution File, Format Version 12.00
# Visual Studio Version 16
VisualStudioVersion = 16.0.30114.105
MinimumVisualStudioVersion = 10.0.40219.1
Project("{FAE04EC0-301F-11D3-BF4B-00C04F79EFBC}") = "FilmCatalog", "FilmCatalog\FilmCatalog.csproj", "{01BD284E-B4A6-4542-83D2-159E304AA2AC}"
EndProject
Global
	GlobalSection(SolutionConfigurationPlatforms) = preSolution
		Debug|Any CPU = Debug|Any CPU
		Debug|x64 = Debug|x64
		Debug|x86 = Debug|x86
		Release|Any CPU = Release|Any CPU
		Release|x64 = Release|x64
		Release|x86 = Release|x86
	EndGlobalSection
	GlobalSection(ProjectConfigurationPlatforms) = postSolution
		{01BD284E-B4A6-4542-83D2-159E304AA2AC}.Debug|Any CPU.ActiveCfg = Debug|Any CPU
		{01BD284E-B4A6-4542-83D2-159E304AA2AC}.Debug|Any CPU.Build.0 = Debug|Any CPU
		{01BD284E-B4A6-4542-83D2-159E304AA2AC}.Debug|x64.ActiveCfg = Debug|Any CPU
		{01BD284E-B4A6-4542-83D2-159E304AA2AC}.Debug|x64.Build.0 = Debug|Any CPU
		{01BD284E-B4A6-4542-83D2-159E304AA2AC}.Debug|x86.ActiveCfg = Debug|Any CPU
		{01BD284E-B4A6-4542-83D2-159E304AA2AC}.Debug|x86.Build.0 = Debug|Any CPU
		{01BD284E-B4A6-4542-83D2-159E304AA2AC}.Release|Any CPU.ActiveCfg = Release|Any CPU
		{01BD284E-B4A6-4542-83D2-159E304AA2AC}.Release|Any CPU.Build.0 = Release|Any CPU
		{01BD284E-B4A6-4542-83D2-159E304AA2AC}.Release|x64.ActiveCfg = Release|Any CPU
		{01BD284E-B4A6-4542-83D2-159E304AA2AC}.Release|x64.Build.0 = Release|Any CPU
		{01BD284E-B4A6-4542-83D2-159E304AA2AC}.Release|x86.ActiveCfg = Release|Any CPU
		{01BD284E-B4A6-4542-83D2-159E304AA2AC}.Release|x86.Build.0 = Release|Any CPU
	EndGlobalSection
	GlobalSection(SolutionProperties) = preSolution
		HideSolutionNode = FALSE
	EndGlobalSection
	GlobalSection(ExtensibilityGlobals) = postSolution
		SolutionGuid = {972BDC59-A8BB-4338-B9FD-05F4A595119E}
	EndGlobalSection
EndGlobal
